PODS:
  - Masonry (1.1.0)
  - ZHBaseKit (1.0.5):
    - Masonry

DEPENDENCIES:
  - ZHBaseKit (from `../`)

SPEC REPOS:
  trunk:
    - Masonry

EXTERNAL SOURCES:
  ZHBaseKit:
    :path: "../"

SPEC CHECKSUMS:
  Masonry: 678fab65091a9290e40e2832a55e7ab731aad201
  ZHBaseKit: 2af5d4ce0de0ebd13aaee732fe3a2e9c3915a9f1

PODFILE CHECKSUM: 191b619e806e9e588eb627af1719ca4488d10531

COCOAPODS: 1.8.4
