PODS:
  - Masonry (1.1.0)
  - ZHBaseKit (1.0.2):
    - Masonry

DEPENDENCIES:
  - ZHBaseKit (from `../`)

SPEC REPOS:
  trunk:
    - Masonry

EXTERNAL SOURCES:
  ZHBaseKit:
    :path: "../"

SPEC CHECKSUMS:
  Masonry: 678fab65091a9290e40e2832a55e7ab731aad201
  ZHBaseKit: 84c85d32c20d84b057dde2101e4f914a91023c18

PODFILE CHECKSUM: 191b619e806e9e588eb627af1719ca4488d10531

COCOAPODS: 1.8.4
