// !$*UTF8*$!
{
	archiveVersion = 1;
	classes = {
	};
	objectVersion = 46;
	objects = {

/* Begin PBXBuildFile section */
		300AF02B238BA4B300D99C5B /* ZHNestedCollectionBoard.m in Sources */ = {isa = PBXBuildFile; fileRef = 300AF02A238BA4B300D99C5B /* ZHNestedCollectionBoard.m */; };
		3055B5032372E571009B39D2 /* ZHSingleSectionTableBoard.m in Sources */ = {isa = PBXBuildFile; fileRef = 3055B5022372E571009B39D2 /* ZHSingleSectionTableBoard.m */; };
		3055B5062373B1DC009B39D2 /* ZHSingleLabelCell.m in Sources */ = {isa = PBXBuildFile; fileRef = 3055B5052373B1DC009B39D2 /* ZHSingleLabelCell.m */; };
		3055B50A2373B4BB009B39D2 /* ZHSingleLabelCellModel.m in Sources */ = {isa = PBXBuildFile; fileRef = 3055B5092373B4BB009B39D2 /* ZHSingleLabelCellModel.m */; };
		3055B50F2373E949009B39D2 /* ZHMultipleSectionTableBoard.m in Sources */ = {isa = PBXBuildFile; fileRef = 3055B50E2373E949009B39D2 /* ZHMultipleSectionTableBoard.m */; };
		3055B51823740879009B39D2 /* ZHNestedTableBoard.m in Sources */ = {isa = PBXBuildFile; fileRef = 3055B51723740879009B39D2 /* ZHNestedTableBoard.m */; };
		3055B524237419BC009B39D2 /* ZHExampleCollectionBoard.m in Sources */ = {isa = PBXBuildFile; fileRef = 3055B523237419BC009B39D2 /* ZHExampleCollectionBoard.m */; };
		3055B53623756820009B39D2 /* ZHItemCell.m in Sources */ = {isa = PBXBuildFile; fileRef = 3055B53523756820009B39D2 /* ZHItemCell.m */; };
		3055B539237568A9009B39D2 /* ZHItemCellModel.m in Sources */ = {isa = PBXBuildFile; fileRef = 3055B538237568A9009B39D2 /* ZHItemCellModel.m */; };
		6003F58E195388D20070C39A /* Foundation.framework in Frameworks */ = {isa = PBXBuildFile; fileRef = 6003F58D195388D20070C39A /* Foundation.framework */; };
		6003F590195388D20070C39A /* CoreGraphics.framework in Frameworks */ = {isa = PBXBuildFile; fileRef = 6003F58F195388D20070C39A /* CoreGraphics.framework */; };
		6003F592195388D20070C39A /* UIKit.framework in Frameworks */ = {isa = PBXBuildFile; fileRef = 6003F591195388D20070C39A /* UIKit.framework */; };
		6003F598195388D20070C39A /* InfoPlist.strings in Resources */ = {isa = PBXBuildFile; fileRef = 6003F596195388D20070C39A /* InfoPlist.strings */; };
		6003F59A195388D20070C39A /* main.m in Sources */ = {isa = PBXBuildFile; fileRef = 6003F599195388D20070C39A /* main.m */; };
		6003F59E195388D20070C39A /* ZHAppDelegate.m in Sources */ = {isa = PBXBuildFile; fileRef = 6003F59D195388D20070C39A /* ZHAppDelegate.m */; };
		6003F5A7195388D20070C39A /* ZHViewController.m in Sources */ = {isa = PBXBuildFile; fileRef = 6003F5A6195388D20070C39A /* ZHViewController.m */; };
		6003F5A9195388D20070C39A /* Images.xcassets in Resources */ = {isa = PBXBuildFile; fileRef = 6003F5A8195388D20070C39A /* Images.xcassets */; };
		6003F5B0195388D20070C39A /* XCTest.framework in Frameworks */ = {isa = PBXBuildFile; fileRef = 6003F5AF195388D20070C39A /* XCTest.framework */; };
		6003F5B1195388D20070C39A /* Foundation.framework in Frameworks */ = {isa = PBXBuildFile; fileRef = 6003F58D195388D20070C39A /* Foundation.framework */; };
		6003F5B2195388D20070C39A /* UIKit.framework in Frameworks */ = {isa = PBXBuildFile; fileRef = 6003F591195388D20070C39A /* UIKit.framework */; };
		6003F5BA195388D20070C39A /* InfoPlist.strings in Resources */ = {isa = PBXBuildFile; fileRef = 6003F5B8195388D20070C39A /* InfoPlist.strings */; };
		6003F5BC195388D20070C39A /* Tests.m in Sources */ = {isa = PBXBuildFile; fileRef = 6003F5BB195388D20070C39A /* Tests.m */; };
		71719F9F1E33DC2100824A3D /* LaunchScreen.storyboard in Resources */ = {isa = PBXBuildFile; fileRef = 71719F9D1E33DC2100824A3D /* LaunchScreen.storyboard */; };
		873B8AEB1B1F5CCA007FD442 /* Main.storyboard in Resources */ = {isa = PBXBuildFile; fileRef = 873B8AEA1B1F5CCA007FD442 /* Main.storyboard */; };
		C3816DEE3ACD11D02EB6EA35 /* Pods_ZHBaseKit_Tests.framework in Frameworks */ = {isa = PBXBuildFile; fileRef = C7EC735457ED452DAEBCBC69 /* Pods_ZHBaseKit_Tests.framework */; };
		C84D4DDD653EF3E3821E3233 /* Pods_ZHBaseKit_Example.framework in Frameworks */ = {isa = PBXBuildFile; fileRef = E48091B3224C98E1AC5D9933 /* Pods_ZHBaseKit_Example.framework */; };
/* End PBXBuildFile section */

/* Begin PBXContainerItemProxy section */
		6003F5B3195388D20070C39A /* PBXContainerItemProxy */ = {
			isa = PBXContainerItemProxy;
			containerPortal = 6003F582195388D10070C39A /* Project object */;
			proxyType = 1;
			remoteGlobalIDString = 6003F589195388D20070C39A;
			remoteInfo = ZHBaseKit;
		};
/* End PBXContainerItemProxy section */

/* Begin PBXFileReference section */
		27645D8634E59808630E7EE2 /* Pods-ZHBaseKit_Example.release.xcconfig */ = {isa = PBXFileReference; includeInIndex = 1; lastKnownFileType = text.xcconfig; name = "Pods-ZHBaseKit_Example.release.xcconfig"; path = "Target Support Files/Pods-ZHBaseKit_Example/Pods-ZHBaseKit_Example.release.xcconfig"; sourceTree = "<group>"; };
		300AF029238BA4B300D99C5B /* ZHNestedCollectionBoard.h */ = {isa = PBXFileReference; lastKnownFileType = sourcecode.c.h; path = ZHNestedCollectionBoard.h; sourceTree = "<group>"; };
		300AF02A238BA4B300D99C5B /* ZHNestedCollectionBoard.m */ = {isa = PBXFileReference; lastKnownFileType = sourcecode.c.objc; path = ZHNestedCollectionBoard.m; sourceTree = "<group>"; };
		3055B5012372E571009B39D2 /* ZHSingleSectionTableBoard.h */ = {isa = PBXFileReference; lastKnownFileType = sourcecode.c.h; path = ZHSingleSectionTableBoard.h; sourceTree = "<group>"; };
		3055B5022372E571009B39D2 /* ZHSingleSectionTableBoard.m */ = {isa = PBXFileReference; lastKnownFileType = sourcecode.c.objc; path = ZHSingleSectionTableBoard.m; sourceTree = "<group>"; };
		3055B5042373B1DC009B39D2 /* ZHSingleLabelCell.h */ = {isa = PBXFileReference; lastKnownFileType = sourcecode.c.h; path = ZHSingleLabelCell.h; sourceTree = "<group>"; };
		3055B5052373B1DC009B39D2 /* ZHSingleLabelCell.m */ = {isa = PBXFileReference; lastKnownFileType = sourcecode.c.objc; path = ZHSingleLabelCell.m; sourceTree = "<group>"; };
		3055B5072373B2D4009B39D2 /* ZHBaseKitDemo.pch */ = {isa = PBXFileReference; lastKnownFileType = sourcecode.c.h; path = ZHBaseKitDemo.pch; sourceTree = "<group>"; };
		3055B5082373B4BB009B39D2 /* ZHSingleLabelCellModel.h */ = {isa = PBXFileReference; lastKnownFileType = sourcecode.c.h; path = ZHSingleLabelCellModel.h; sourceTree = "<group>"; };
		3055B5092373B4BB009B39D2 /* ZHSingleLabelCellModel.m */ = {isa = PBXFileReference; lastKnownFileType = sourcecode.c.objc; path = ZHSingleLabelCellModel.m; sourceTree = "<group>"; };
		3055B50D2373E949009B39D2 /* ZHMultipleSectionTableBoard.h */ = {isa = PBXFileReference; lastKnownFileType = sourcecode.c.h; path = ZHMultipleSectionTableBoard.h; sourceTree = "<group>"; };
		3055B50E2373E949009B39D2 /* ZHMultipleSectionTableBoard.m */ = {isa = PBXFileReference; lastKnownFileType = sourcecode.c.objc; path = ZHMultipleSectionTableBoard.m; sourceTree = "<group>"; };
		3055B51623740879009B39D2 /* ZHNestedTableBoard.h */ = {isa = PBXFileReference; lastKnownFileType = sourcecode.c.h; path = ZHNestedTableBoard.h; sourceTree = "<group>"; };
		3055B51723740879009B39D2 /* ZHNestedTableBoard.m */ = {isa = PBXFileReference; lastKnownFileType = sourcecode.c.objc; path = ZHNestedTableBoard.m; sourceTree = "<group>"; };
		3055B522237419BC009B39D2 /* ZHExampleCollectionBoard.h */ = {isa = PBXFileReference; lastKnownFileType = sourcecode.c.h; path = ZHExampleCollectionBoard.h; sourceTree = "<group>"; };
		3055B523237419BC009B39D2 /* ZHExampleCollectionBoard.m */ = {isa = PBXFileReference; lastKnownFileType = sourcecode.c.objc; path = ZHExampleCollectionBoard.m; sourceTree = "<group>"; };
		3055B53423756820009B39D2 /* ZHItemCell.h */ = {isa = PBXFileReference; lastKnownFileType = sourcecode.c.h; path = ZHItemCell.h; sourceTree = "<group>"; };
		3055B53523756820009B39D2 /* ZHItemCell.m */ = {isa = PBXFileReference; lastKnownFileType = sourcecode.c.objc; path = ZHItemCell.m; sourceTree = "<group>"; };
		3055B537237568A9009B39D2 /* ZHItemCellModel.h */ = {isa = PBXFileReference; lastKnownFileType = sourcecode.c.h; path = ZHItemCellModel.h; sourceTree = "<group>"; };
		3055B538237568A9009B39D2 /* ZHItemCellModel.m */ = {isa = PBXFileReference; lastKnownFileType = sourcecode.c.objc; path = ZHItemCellModel.m; sourceTree = "<group>"; };
		3D7338109562F50B1879C7A5 /* README.md */ = {isa = PBXFileReference; includeInIndex = 1; lastKnownFileType = net.daringfireball.markdown; name = README.md; path = ../README.md; sourceTree = "<group>"; };
		494EB81CC884C182949EDF39 /* Pods-ZHBaseKit_Tests.release.xcconfig */ = {isa = PBXFileReference; includeInIndex = 1; lastKnownFileType = text.xcconfig; name = "Pods-ZHBaseKit_Tests.release.xcconfig"; path = "Target Support Files/Pods-ZHBaseKit_Tests/Pods-ZHBaseKit_Tests.release.xcconfig"; sourceTree = "<group>"; };
		6003F58A195388D20070C39A /* ZHBaseKit.app */ = {isa = PBXFileReference; explicitFileType = wrapper.application; includeInIndex = 0; path = ZHBaseKit.app; sourceTree = BUILT_PRODUCTS_DIR; };
		6003F58D195388D20070C39A /* Foundation.framework */ = {isa = PBXFileReference; lastKnownFileType = wrapper.framework; name = Foundation.framework; path = System/Library/Frameworks/Foundation.framework; sourceTree = SDKROOT; };
		6003F58F195388D20070C39A /* CoreGraphics.framework */ = {isa = PBXFileReference; lastKnownFileType = wrapper.framework; name = CoreGraphics.framework; path = System/Library/Frameworks/CoreGraphics.framework; sourceTree = SDKROOT; };
		6003F591195388D20070C39A /* UIKit.framework */ = {isa = PBXFileReference; lastKnownFileType = wrapper.framework; name = UIKit.framework; path = System/Library/Frameworks/UIKit.framework; sourceTree = SDKROOT; };
		6003F595195388D20070C39A /* ZHBaseKit-Info.plist */ = {isa = PBXFileReference; lastKnownFileType = text.plist.xml; path = "ZHBaseKit-Info.plist"; sourceTree = "<group>"; };
		6003F597195388D20070C39A /* en */ = {isa = PBXFileReference; lastKnownFileType = text.plist.strings; name = en; path = en.lproj/InfoPlist.strings; sourceTree = "<group>"; };
		6003F599195388D20070C39A /* main.m */ = {isa = PBXFileReference; lastKnownFileType = sourcecode.c.objc; path = main.m; sourceTree = "<group>"; };
		6003F59B195388D20070C39A /* ZHBaseKit-Prefix.pch */ = {isa = PBXFileReference; lastKnownFileType = sourcecode.c.h; path = "ZHBaseKit-Prefix.pch"; sourceTree = "<group>"; };
		6003F59C195388D20070C39A /* ZHAppDelegate.h */ = {isa = PBXFileReference; lastKnownFileType = sourcecode.c.h; path = ZHAppDelegate.h; sourceTree = "<group>"; };
		6003F59D195388D20070C39A /* ZHAppDelegate.m */ = {isa = PBXFileReference; lastKnownFileType = sourcecode.c.objc; path = ZHAppDelegate.m; sourceTree = "<group>"; };
		6003F5A5195388D20070C39A /* ZHViewController.h */ = {isa = PBXFileReference; lastKnownFileType = sourcecode.c.h; path = ZHViewController.h; sourceTree = "<group>"; };
		6003F5A6195388D20070C39A /* ZHViewController.m */ = {isa = PBXFileReference; lastKnownFileType = sourcecode.c.objc; path = ZHViewController.m; sourceTree = "<group>"; };
		6003F5A8195388D20070C39A /* Images.xcassets */ = {isa = PBXFileReference; lastKnownFileType = folder.assetcatalog; path = Images.xcassets; sourceTree = "<group>"; };
		6003F5AE195388D20070C39A /* ZHBaseKit_Tests.xctest */ = {isa = PBXFileReference; explicitFileType = wrapper.cfbundle; includeInIndex = 0; path = ZHBaseKit_Tests.xctest; sourceTree = BUILT_PRODUCTS_DIR; };
		6003F5AF195388D20070C39A /* XCTest.framework */ = {isa = PBXFileReference; lastKnownFileType = wrapper.framework; name = XCTest.framework; path = Library/Frameworks/XCTest.framework; sourceTree = DEVELOPER_DIR; };
		6003F5B7195388D20070C39A /* Tests-Info.plist */ = {isa = PBXFileReference; lastKnownFileType = text.plist.xml; path = "Tests-Info.plist"; sourceTree = "<group>"; };
		6003F5B9195388D20070C39A /* en */ = {isa = PBXFileReference; lastKnownFileType = text.plist.strings; name = en; path = en.lproj/InfoPlist.strings; sourceTree = "<group>"; };
		6003F5BB195388D20070C39A /* Tests.m */ = {isa = PBXFileReference; lastKnownFileType = sourcecode.c.objc; path = Tests.m; sourceTree = "<group>"; };
		606FC2411953D9B200FFA9A0 /* Tests-Prefix.pch */ = {isa = PBXFileReference; lastKnownFileType = sourcecode.c.h; path = "Tests-Prefix.pch"; sourceTree = "<group>"; };
		71719F9E1E33DC2100824A3D /* Base */ = {isa = PBXFileReference; lastKnownFileType = file.storyboard; name = Base; path = Base.lproj/LaunchScreen.storyboard; sourceTree = "<group>"; };
		7D6BC6437EDDF86F9188D218 /* ZHBaseKit.podspec */ = {isa = PBXFileReference; includeInIndex = 1; lastKnownFileType = text; name = ZHBaseKit.podspec; path = ../ZHBaseKit.podspec; sourceTree = "<group>"; xcLanguageSpecificationIdentifier = xcode.lang.ruby; };
		873B8AEA1B1F5CCA007FD442 /* Main.storyboard */ = {isa = PBXFileReference; fileEncoding = 4; lastKnownFileType = file.storyboard; name = Main.storyboard; path = Base.lproj/Main.storyboard; sourceTree = "<group>"; };
		C683D04A94142816E1394C91 /* LICENSE */ = {isa = PBXFileReference; includeInIndex = 1; lastKnownFileType = text; name = LICENSE; path = ../LICENSE; sourceTree = "<group>"; };
		C7EC735457ED452DAEBCBC69 /* Pods_ZHBaseKit_Tests.framework */ = {isa = PBXFileReference; explicitFileType = wrapper.framework; includeInIndex = 0; path = Pods_ZHBaseKit_Tests.framework; sourceTree = BUILT_PRODUCTS_DIR; };
		D4A1019E3B80229079165D71 /* Pods-ZHBaseKit_Example.debug.xcconfig */ = {isa = PBXFileReference; includeInIndex = 1; lastKnownFileType = text.xcconfig; name = "Pods-ZHBaseKit_Example.debug.xcconfig"; path = "Target Support Files/Pods-ZHBaseKit_Example/Pods-ZHBaseKit_Example.debug.xcconfig"; sourceTree = "<group>"; };
		E48091B3224C98E1AC5D9933 /* Pods_ZHBaseKit_Example.framework */ = {isa = PBXFileReference; explicitFileType = wrapper.framework; includeInIndex = 0; path = Pods_ZHBaseKit_Example.framework; sourceTree = BUILT_PRODUCTS_DIR; };
		E8A542B9B827A62370289A55 /* Pods-ZHBaseKit_Tests.debug.xcconfig */ = {isa = PBXFileReference; includeInIndex = 1; lastKnownFileType = text.xcconfig; name = "Pods-ZHBaseKit_Tests.debug.xcconfig"; path = "Target Support Files/Pods-ZHBaseKit_Tests/Pods-ZHBaseKit_Tests.debug.xcconfig"; sourceTree = "<group>"; };
/* End PBXFileReference section */

/* Begin PBXFrameworksBuildPhase section */
		6003F587195388D20070C39A /* Frameworks */ = {
			isa = PBXFrameworksBuildPhase;
			buildActionMask = 2147483647;
			files = (
				6003F590195388D20070C39A /* CoreGraphics.framework in Frameworks */,
				6003F592195388D20070C39A /* UIKit.framework in Frameworks */,
				6003F58E195388D20070C39A /* Foundation.framework in Frameworks */,
				C84D4DDD653EF3E3821E3233 /* Pods_ZHBaseKit_Example.framework in Frameworks */,
			);
			runOnlyForDeploymentPostprocessing = 0;
		};
		6003F5AB195388D20070C39A /* Frameworks */ = {
			isa = PBXFrameworksBuildPhase;
			buildActionMask = 2147483647;
			files = (
				6003F5B0195388D20070C39A /* XCTest.framework in Frameworks */,
				6003F5B2195388D20070C39A /* UIKit.framework in Frameworks */,
				6003F5B1195388D20070C39A /* Foundation.framework in Frameworks */,
				C3816DEE3ACD11D02EB6EA35 /* Pods_ZHBaseKit_Tests.framework in Frameworks */,
			);
			runOnlyForDeploymentPostprocessing = 0;
		};
/* End PBXFrameworksBuildPhase section */

/* Begin PBXGroup section */
		3055B4FE2372E4D8009B39D2 /* Board */ = {
			isa = PBXGroup;
			children = (
				3055B5012372E571009B39D2 /* ZHSingleSectionTableBoard.h */,
				3055B5022372E571009B39D2 /* ZHSingleSectionTableBoard.m */,
				3055B50D2373E949009B39D2 /* ZHMultipleSectionTableBoard.h */,
				3055B50E2373E949009B39D2 /* ZHMultipleSectionTableBoard.m */,
				3055B51623740879009B39D2 /* ZHNestedTableBoard.h */,
				3055B51723740879009B39D2 /* ZHNestedTableBoard.m */,
				3055B522237419BC009B39D2 /* ZHExampleCollectionBoard.h */,
				3055B523237419BC009B39D2 /* ZHExampleCollectionBoard.m */,
				300AF029238BA4B300D99C5B /* ZHNestedCollectionBoard.h */,
				300AF02A238BA4B300D99C5B /* ZHNestedCollectionBoard.m */,
			);
			path = Board;
			sourceTree = "<group>";
		};
		3055B4FF2372E4E3009B39D2 /* Model */ = {
			isa = PBXGroup;
			children = (
				3055B5082373B4BB009B39D2 /* ZHSingleLabelCellModel.h */,
				3055B5092373B4BB009B39D2 /* ZHSingleLabelCellModel.m */,
				3055B537237568A9009B39D2 /* ZHItemCellModel.h */,
				3055B538237568A9009B39D2 /* ZHItemCellModel.m */,
			);
			path = Model;
			sourceTree = "<group>";
		};
		3055B5002372E4F3009B39D2 /* View */ = {
			isa = PBXGroup;
			children = (
				3055B5042373B1DC009B39D2 /* ZHSingleLabelCell.h */,
				3055B5052373B1DC009B39D2 /* ZHSingleLabelCell.m */,
				3055B53423756820009B39D2 /* ZHItemCell.h */,
				3055B53523756820009B39D2 /* ZHItemCell.m */,
			);
			path = View;
			sourceTree = "<group>";
		};
		6003F581195388D10070C39A = {
			isa = PBXGroup;
			children = (
				60FF7A9C1954A5C5007DD14C /* Podspec Metadata */,
				6003F593195388D20070C39A /* Example for ZHBaseKit */,
				6003F5B5195388D20070C39A /* Tests */,
				6003F58C195388D20070C39A /* Frameworks */,
				6003F58B195388D20070C39A /* Products */,
				F82B88CF08E64C6FFF76DC9C /* Pods */,
			);
			sourceTree = "<group>";
		};
		6003F58B195388D20070C39A /* Products */ = {
			isa = PBXGroup;
			children = (
				6003F58A195388D20070C39A /* ZHBaseKit.app */,
				6003F5AE195388D20070C39A /* ZHBaseKit_Tests.xctest */,
			);
			name = Products;
			sourceTree = "<group>";
		};
		6003F58C195388D20070C39A /* Frameworks */ = {
			isa = PBXGroup;
			children = (
				6003F58D195388D20070C39A /* Foundation.framework */,
				6003F58F195388D20070C39A /* CoreGraphics.framework */,
				6003F591195388D20070C39A /* UIKit.framework */,
				6003F5AF195388D20070C39A /* XCTest.framework */,
				E48091B3224C98E1AC5D9933 /* Pods_ZHBaseKit_Example.framework */,
				C7EC735457ED452DAEBCBC69 /* Pods_ZHBaseKit_Tests.framework */,
			);
			name = Frameworks;
			sourceTree = "<group>";
		};
		6003F593195388D20070C39A /* Example for ZHBaseKit */ = {
			isa = PBXGroup;
			children = (
				6003F59C195388D20070C39A /* ZHAppDelegate.h */,
				6003F59D195388D20070C39A /* ZHAppDelegate.m */,
				873B8AEA1B1F5CCA007FD442 /* Main.storyboard */,
				6003F5A5195388D20070C39A /* ZHViewController.h */,
				6003F5A6195388D20070C39A /* ZHViewController.m */,
				3055B5072373B2D4009B39D2 /* ZHBaseKitDemo.pch */,
				3055B5002372E4F3009B39D2 /* View */,
				3055B4FF2372E4E3009B39D2 /* Model */,
				3055B4FE2372E4D8009B39D2 /* Board */,
				71719F9D1E33DC2100824A3D /* LaunchScreen.storyboard */,
				6003F5A8195388D20070C39A /* Images.xcassets */,
				6003F594195388D20070C39A /* Supporting Files */,
			);
			name = "Example for ZHBaseKit";
			path = ZHBaseKit;
			sourceTree = "<group>";
		};
		6003F594195388D20070C39A /* Supporting Files */ = {
			isa = PBXGroup;
			children = (
				6003F595195388D20070C39A /* ZHBaseKit-Info.plist */,
				6003F596195388D20070C39A /* InfoPlist.strings */,
				6003F599195388D20070C39A /* main.m */,
				6003F59B195388D20070C39A /* ZHBaseKit-Prefix.pch */,
			);
			name = "Supporting Files";
			sourceTree = "<group>";
		};
		6003F5B5195388D20070C39A /* Tests */ = {
			isa = PBXGroup;
			children = (
				6003F5BB195388D20070C39A /* Tests.m */,
				6003F5B6195388D20070C39A /* Supporting Files */,
			);
			path = Tests;
			sourceTree = "<group>";
		};
		6003F5B6195388D20070C39A /* Supporting Files */ = {
			isa = PBXGroup;
			children = (
				6003F5B7195388D20070C39A /* Tests-Info.plist */,
				6003F5B8195388D20070C39A /* InfoPlist.strings */,
				606FC2411953D9B200FFA9A0 /* Tests-Prefix.pch */,
			);
			name = "Supporting Files";
			sourceTree = "<group>";
		};
		60FF7A9C1954A5C5007DD14C /* Podspec Metadata */ = {
			isa = PBXGroup;
			children = (
				7D6BC6437EDDF86F9188D218 /* ZHBaseKit.podspec */,
				3D7338109562F50B1879C7A5 /* README.md */,
				C683D04A94142816E1394C91 /* LICENSE */,
			);
			name = "Podspec Metadata";
			sourceTree = "<group>";
		};
		F82B88CF08E64C6FFF76DC9C /* Pods */ = {
			isa = PBXGroup;
			children = (
				D4A1019E3B80229079165D71 /* Pods-ZHBaseKit_Example.debug.xcconfig */,
				27645D8634E59808630E7EE2 /* Pods-ZHBaseKit_Example.release.xcconfig */,
				E8A542B9B827A62370289A55 /* Pods-ZHBaseKit_Tests.debug.xcconfig */,
				494EB81CC884C182949EDF39 /* Pods-ZHBaseKit_Tests.release.xcconfig */,
			);
			path = Pods;
			sourceTree = "<group>";
		};
/* End PBXGroup section */

/* Begin PBXNativeTarget section */
		6003F589195388D20070C39A /* ZHBaseKit_Example */ = {
			isa = PBXNativeTarget;
			buildConfigurationList = 6003F5BF195388D20070C39A /* Build configuration list for PBXNativeTarget "ZHBaseKit_Example" */;
			buildPhases = (
				9A3FEE79568B333F64BB7D69 /* [CP] Check Pods Manifest.lock */,
				6003F586195388D20070C39A /* Sources */,
				6003F587195388D20070C39A /* Frameworks */,
				6003F588195388D20070C39A /* Resources */,
				60380748443CAC2F732022D5 /* [CP] Embed Pods Frameworks */,
			);
			buildRules = (
			);
			dependencies = (
			);
			name = ZHBaseKit_Example;
			productName = ZHBaseKit;
			productReference = 6003F58A195388D20070C39A /* ZHBaseKit.app */;
			productType = "com.apple.product-type.application";
		};
		6003F5AD195388D20070C39A /* ZHBaseKit_Tests */ = {
			isa = PBXNativeTarget;
			buildConfigurationList = 6003F5C2195388D20070C39A /* Build configuration list for PBXNativeTarget "ZHBaseKit_Tests" */;
			buildPhases = (
				2006F2B0FA0C8731F6D7E093 /* [CP] Check Pods Manifest.lock */,
				6003F5AA195388D20070C39A /* Sources */,
				6003F5AB195388D20070C39A /* Frameworks */,
				6003F5AC195388D20070C39A /* Resources */,
			);
			buildRules = (
			);
			dependencies = (
				6003F5B4195388D20070C39A /* PBXTargetDependency */,
			);
			name = ZHBaseKit_Tests;
			productName = ZHBaseKitTests;
			productReference = 6003F5AE195388D20070C39A /* ZHBaseKit_Tests.xctest */;
			productType = "com.apple.product-type.bundle.unit-test";
		};
/* End PBXNativeTarget section */

/* Begin PBXProject section */
		6003F582195388D10070C39A /* Project object */ = {
			isa = PBXProject;
			attributes = {
				CLASSPREFIX = ZH;
				LastUpgradeCheck = 0720;
				ORGANIZATIONNAME = Panzhenghui;
				TargetAttributes = {
					6003F589195388D20070C39A = {
						DevelopmentTeam = R9UA6KNAX3;
						ProvisioningStyle = Manual;
					};
					6003F5AD195388D20070C39A = {
						TestTargetID = 6003F589195388D20070C39A;
					};
				};
			};
			buildConfigurationList = 6003F585195388D10070C39A /* Build configuration list for PBXProject "ZHBaseKit" */;
			compatibilityVersion = "Xcode 3.2";
			developmentRegion = English;
			hasScannedForEncodings = 0;
			knownRegions = (
				English,
				en,
				Base,
			);
			mainGroup = 6003F581195388D10070C39A;
			productRefGroup = 6003F58B195388D20070C39A /* Products */;
			projectDirPath = "";
			projectRoot = "";
			targets = (
				6003F589195388D20070C39A /* ZHBaseKit_Example */,
				6003F5AD195388D20070C39A /* ZHBaseKit_Tests */,
			);
		};
/* End PBXProject section */

/* Begin PBXResourcesBuildPhase section */
		6003F588195388D20070C39A /* Resources */ = {
			isa = PBXResourcesBuildPhase;
			buildActionMask = 2147483647;
			files = (
				873B8AEB1B1F5CCA007FD442 /* Main.storyboard in Resources */,
				71719F9F1E33DC2100824A3D /* LaunchScreen.storyboard in Resources */,
				6003F5A9195388D20070C39A /* Images.xcassets in Resources */,
				6003F598195388D20070C39A /* InfoPlist.strings in Resources */,
			);
			runOnlyForDeploymentPostprocessing = 0;
		};
		6003F5AC195388D20070C39A /* Resources */ = {
			isa = PBXResourcesBuildPhase;
			buildActionMask = 2147483647;
			files = (
				6003F5BA195388D20070C39A /* InfoPlist.strings in Resources */,
			);
			runOnlyForDeploymentPostprocessing = 0;
		};
/* End PBXResourcesBuildPhase section */

/* Begin PBXShellScriptBuildPhase section */
		2006F2B0FA0C8731F6D7E093 /* [CP] Check Pods Manifest.lock */ = {
			isa = PBXShellScriptBuildPhase;
			buildActionMask = 2147483647;
			files = (
			);
			inputFileListPaths = (
			);
			inputPaths = (
				"${PODS_PODFILE_DIR_PATH}/Podfile.lock",
				"${PODS_ROOT}/Manifest.lock",
			);
			name = "[CP] Check Pods Manifest.lock";
			outputFileListPaths = (
			);
			outputPaths = (
				"$(DERIVED_FILE_DIR)/Pods-ZHBaseKit_Tests-checkManifestLockResult.txt",
			);
			runOnlyForDeploymentPostprocessing = 0;
			shellPath = /bin/sh;
			shellScript = "diff \"${PODS_PODFILE_DIR_PATH}/Podfile.lock\" \"${PODS_ROOT}/Manifest.lock\" > /dev/null\nif [ $? != 0 ] ; then\n    # print error to STDERR\n    echo \"error: The sandbox is not in sync with the Podfile.lock. Run 'pod install' or update your CocoaPods installation.\" >&2\n    exit 1\nfi\n# This output is used by Xcode 'outputs' to avoid re-running this script phase.\necho \"SUCCESS\" > \"${SCRIPT_OUTPUT_FILE_0}\"\n";
			showEnvVarsInLog = 0;
		};
		60380748443CAC2F732022D5 /* [CP] Embed Pods Frameworks */ = {
			isa = PBXShellScriptBuildPhase;
			buildActionMask = 2147483647;
			files = (
			);
			inputPaths = (
				"${PODS_ROOT}/Target Support Files/Pods-ZHBaseKit_Example/Pods-ZHBaseKit_Example-frameworks.sh",
				"${BUILT_PRODUCTS_DIR}/Masonry/Masonry.framework",
				"${BUILT_PRODUCTS_DIR}/ZHBaseKit/ZHBaseKit.framework",
			);
			name = "[CP] Embed Pods Frameworks";
			outputPaths = (
				"${TARGET_BUILD_DIR}/${FRAMEWORKS_FOLDER_PATH}/Masonry.framework",
				"${TARGET_BUILD_DIR}/${FRAMEWORKS_FOLDER_PATH}/ZHBaseKit.framework",
			);
			runOnlyForDeploymentPostprocessing = 0;
			shellPath = /bin/sh;
			shellScript = "\"${PODS_ROOT}/Target Support Files/Pods-ZHBaseKit_Example/Pods-ZHBaseKit_Example-frameworks.sh\"\n";
			showEnvVarsInLog = 0;
		};
		9A3FEE79568B333F64BB7D69 /* [CP] Check Pods Manifest.lock */ = {
			isa = PBXShellScriptBuildPhase;
			buildActionMask = 2147483647;
			files = (
			);
			inputFileListPaths = (
			);
			inputPaths = (
				"${PODS_PODFILE_DIR_PATH}/Podfile.lock",
				"${PODS_ROOT}/Manifest.lock",
			);
			name = "[CP] Check Pods Manifest.lock";
			outputFileListPaths = (
			);
			outputPaths = (
				"$(DERIVED_FILE_DIR)/Pods-ZHBaseKit_Example-checkManifestLockResult.txt",
			);
			runOnlyForDeploymentPostprocessing = 0;
			shellPath = /bin/sh;
			shellScript = "diff \"${PODS_PODFILE_DIR_PATH}/Podfile.lock\" \"${PODS_ROOT}/Manifest.lock\" > /dev/null\nif [ $? != 0 ] ; then\n    # print error to STDERR\n    echo \"error: The sandbox is not in sync with the Podfile.lock. Run 'pod install' or update your CocoaPods installation.\" >&2\n    exit 1\nfi\n# This output is used by Xcode 'outputs' to avoid re-running this script phase.\necho \"SUCCESS\" > \"${SCRIPT_OUTPUT_FILE_0}\"\n";
			showEnvVarsInLog = 0;
		};
/* End PBXShellScriptBuildPhase section */

/* Begin PBXSourcesBuildPhase section */
		6003F586195388D20070C39A /* Sources */ = {
			isa = PBXSourcesBuildPhase;
			buildActionMask = 2147483647;
			files = (
				300AF02B238BA4B300D99C5B /* ZHNestedCollectionBoard.m in Sources */,
				3055B51823740879009B39D2 /* ZHNestedTableBoard.m in Sources */,
				3055B50A2373B4BB009B39D2 /* ZHSingleLabelCellModel.m in Sources */,
				6003F59E195388D20070C39A /* ZHAppDelegate.m in Sources */,
				3055B5032372E571009B39D2 /* ZHSingleSectionTableBoard.m in Sources */,
				3055B53623756820009B39D2 /* ZHItemCell.m in Sources */,
				3055B50F2373E949009B39D2 /* ZHMultipleSectionTableBoard.m in Sources */,
				6003F5A7195388D20070C39A /* ZHViewController.m in Sources */,
				3055B539237568A9009B39D2 /* ZHItemCellModel.m in Sources */,
				3055B524237419BC009B39D2 /* ZHExampleCollectionBoard.m in Sources */,
				6003F59A195388D20070C39A /* main.m in Sources */,
				3055B5062373B1DC009B39D2 /* ZHSingleLabelCell.m in Sources */,
			);
			runOnlyForDeploymentPostprocessing = 0;
		};
		6003F5AA195388D20070C39A /* Sources */ = {
			isa = PBXSourcesBuildPhase;
			buildActionMask = 2147483647;
			files = (
				6003F5BC195388D20070C39A /* Tests.m in Sources */,
			);
			runOnlyForDeploymentPostprocessing = 0;
		};
/* End PBXSourcesBuildPhase section */

/* Begin PBXTargetDependency section */
		6003F5B4195388D20070C39A /* PBXTargetDependency */ = {
			isa = PBXTargetDependency;
			target = 6003F589195388D20070C39A /* ZHBaseKit_Example */;
			targetProxy = 6003F5B3195388D20070C39A /* PBXContainerItemProxy */;
		};
/* End PBXTargetDependency section */

/* Begin PBXVariantGroup section */
		6003F596195388D20070C39A /* InfoPlist.strings */ = {
			isa = PBXVariantGroup;
			children = (
				6003F597195388D20070C39A /* en */,
			);
			name = InfoPlist.strings;
			sourceTree = "<group>";
		};
		6003F5B8195388D20070C39A /* InfoPlist.strings */ = {
			isa = PBXVariantGroup;
			children = (
				6003F5B9195388D20070C39A /* en */,
			);
			name = InfoPlist.strings;
			sourceTree = "<group>";
		};
		71719F9D1E33DC2100824A3D /* LaunchScreen.storyboard */ = {
			isa = PBXVariantGroup;
			children = (
				71719F9E1E33DC2100824A3D /* Base */,
			);
			name = LaunchScreen.storyboard;
			sourceTree = "<group>";
		};
/* End PBXVariantGroup section */

/* Begin XCBuildConfiguration section */
		6003F5BD195388D20070C39A /* Debug */ = {
			isa = XCBuildConfiguration;
			buildSettings = {
				ALWAYS_SEARCH_USER_PATHS = NO;
				CLANG_CXX_LANGUAGE_STANDARD = "gnu++0x";
				CLANG_CXX_LIBRARY = "libc++";
				CLANG_ENABLE_MODULES = YES;
				CLANG_ENABLE_OBJC_ARC = YES;
				CLANG_WARN_BOOL_CONVERSION = YES;
				CLANG_WARN_CONSTANT_CONVERSION = YES;
				CLANG_WARN_DIRECT_OBJC_ISA_USAGE = YES_ERROR;
				CLANG_WARN_EMPTY_BODY = YES;
				CLANG_WARN_ENUM_CONVERSION = YES;
				CLANG_WARN_INT_CONVERSION = YES;
				CLANG_WARN_OBJC_ROOT_CLASS = YES_ERROR;
				CLANG_WARN__DUPLICATE_METHOD_MATCH = YES;
				"CODE_SIGN_IDENTITY[sdk=iphoneos*]" = "iPhone Developer";
				COPY_PHASE_STRIP = NO;
				ENABLE_TESTABILITY = YES;
				GCC_C_LANGUAGE_STANDARD = gnu99;
				GCC_DYNAMIC_NO_PIC = NO;
				GCC_OPTIMIZATION_LEVEL = 0;
				GCC_PREPROCESSOR_DEFINITIONS = (
					"DEBUG=1",
					"$(inherited)",
				);
				GCC_SYMBOLS_PRIVATE_EXTERN = NO;
				GCC_WARN_64_TO_32_BIT_CONVERSION = YES;
				GCC_WARN_ABOUT_RETURN_TYPE = YES_ERROR;
				GCC_WARN_UNDECLARED_SELECTOR = YES;
				GCC_WARN_UNINITIALIZED_AUTOS = YES_AGGRESSIVE;
				GCC_WARN_UNUSED_FUNCTION = YES;
				GCC_WARN_UNUSED_VARIABLE = YES;
				IPHONEOS_DEPLOYMENT_TARGET = 9.3;
				ONLY_ACTIVE_ARCH = YES;
				SDKROOT = iphoneos;
				TARGETED_DEVICE_FAMILY = "1,2";
			};
			name = Debug;
		};
		6003F5BE195388D20070C39A /* Release */ = {
			isa = XCBuildConfiguration;
			buildSettings = {
				ALWAYS_SEARCH_USER_PATHS = NO;
				CLANG_CXX_LANGUAGE_STANDARD = "gnu++0x";
				CLANG_CXX_LIBRARY = "libc++";
				CLANG_ENABLE_MODULES = YES;
				CLANG_ENABLE_OBJC_ARC = YES;
				CLANG_WARN_BOOL_CONVERSION = YES;
				CLANG_WARN_CONSTANT_CONVERSION = YES;
				CLANG_WARN_DIRECT_OBJC_ISA_USAGE = YES_ERROR;
				CLANG_WARN_EMPTY_BODY = YES;
				CLANG_WARN_ENUM_CONVERSION = YES;
				CLANG_WARN_INT_CONVERSION = YES;
				CLANG_WARN_OBJC_ROOT_CLASS = YES_ERROR;
				CLANG_WARN__DUPLICATE_METHOD_MATCH = YES;
				"CODE_SIGN_IDENTITY[sdk=iphoneos*]" = "iPhone Developer";
				COPY_PHASE_STRIP = YES;
				ENABLE_NS_ASSERTIONS = NO;
				GCC_C_LANGUAGE_STANDARD = gnu99;
				GCC_WARN_64_TO_32_BIT_CONVERSION = YES;
				GCC_WARN_ABOUT_RETURN_TYPE = YES_ERROR;
				GCC_WARN_UNDECLARED_SELECTOR = YES;
				GCC_WARN_UNINITIALIZED_AUTOS = YES_AGGRESSIVE;
				GCC_WARN_UNUSED_FUNCTION = YES;
				GCC_WARN_UNUSED_VARIABLE = YES;
				IPHONEOS_DEPLOYMENT_TARGET = 9.3;
				SDKROOT = iphoneos;
				TARGETED_DEVICE_FAMILY = "1,2";
				VALIDATE_PRODUCT = YES;
			};
			name = Release;
		};
		6003F5C0195388D20070C39A /* Debug */ = {
			isa = XCBuildConfiguration;
			baseConfigurationReference = D4A1019E3B80229079165D71 /* Pods-ZHBaseKit_Example.debug.xcconfig */;
			buildSettings = {
				ASSETCATALOG_COMPILER_APPICON_NAME = AppIcon;
				CODE_SIGN_STYLE = Manual;
				DEVELOPMENT_TEAM = R9UA6KNAX3;
				GCC_PRECOMPILE_PREFIX_HEADER = YES;
				GCC_PREFIX_HEADER = ZHBaseKit/ZHBaseKitDemo.pch;
				INFOPLIST_FILE = "ZHBaseKit/ZHBaseKit-Info.plist";
				MODULE_NAME = ExampleApp;
				PRODUCT_BUNDLE_IDENTIFIER = com.jisu.score;
				PRODUCT_NAME = ZHBaseKit;
				PROVISIONING_PROFILE_SPECIFIER = jisu_development;
				SWIFT_VERSION = 4.0;
				WRAPPER_EXTENSION = app;
			};
			name = Debug;
		};
		6003F5C1195388D20070C39A /* Release */ = {
			isa = XCBuildConfiguration;
			baseConfigurationReference = 27645D8634E59808630E7EE2 /* Pods-ZHBaseKit_Example.release.xcconfig */;
			buildSettings = {
				ASSETCATALOG_COMPILER_APPICON_NAME = AppIcon;
				CODE_SIGN_STYLE = Manual;
				DEVELOPMENT_TEAM = R9UA6KNAX3;
				GCC_PRECOMPILE_PREFIX_HEADER = YES;
				GCC_PREFIX_HEADER = ZHBaseKit/ZHBaseKitDemo.pch;
				INFOPLIST_FILE = "ZHBaseKit/ZHBaseKit-Info.plist";
				MODULE_NAME = ExampleApp;
				PRODUCT_BUNDLE_IDENTIFIER = com.jisu.score;
				PRODUCT_NAME = ZHBaseKit;
				PROVISIONING_PROFILE_SPECIFIER = jisu_development;
				SWIFT_VERSION = 4.0;
				WRAPPER_EXTENSION = app;
			};
			name = Release;
		};
		6003F5C3195388D20070C39A /* Debug */ = {
			isa = XCBuildConfiguration;
			baseConfigurationReference = E8A542B9B827A62370289A55 /* Pods-ZHBaseKit_Tests.debug.xcconfig */;
			buildSettings = {
				BUNDLE_LOADER = "$(TEST_HOST)";
				FRAMEWORK_SEARCH_PATHS = (
					"$(PLATFORM_DIR)/Developer/Library/Frameworks",
					"$(inherited)",
					"$(DEVELOPER_FRAMEWORKS_DIR)",
				);
				GCC_PRECOMPILE_PREFIX_HEADER = YES;
				GCC_PREFIX_HEADER = "Tests/Tests-Prefix.pch";
				GCC_PREPROCESSOR_DEFINITIONS = (
					"DEBUG=1",
					"$(inherited)",
				);
				INFOPLIST_FILE = "Tests/Tests-Info.plist";
				PRODUCT_BUNDLE_IDENTIFIER = "org.cocoapods.demo.${PRODUCT_NAME:rfc1034identifier}";
				PRODUCT_NAME = "$(TARGET_NAME)";
				SWIFT_VERSION = 4.0;
				TEST_HOST = "$(BUILT_PRODUCTS_DIR)/ZHBaseKit_Example.app/ZHBaseKit_Example";
				WRAPPER_EXTENSION = xctest;
			};
			name = Debug;
		};
		6003F5C4195388D20070C39A /* Release */ = {
			isa = XCBuildConfiguration;
			baseConfigurationReference = 494EB81CC884C182949EDF39 /* Pods-ZHBaseKit_Tests.release.xcconfig */;
			buildSettings = {
				BUNDLE_LOADER = "$(TEST_HOST)";
				FRAMEWORK_SEARCH_PATHS = (
					"$(PLATFORM_DIR)/Developer/Library/Frameworks",
					"$(inherited)",
					"$(DEVELOPER_FRAMEWORKS_DIR)",
				);
				GCC_PRECOMPILE_PREFIX_HEADER = YES;
				GCC_PREFIX_HEADER = "Tests/Tests-Prefix.pch";
				INFOPLIST_FILE = "Tests/Tests-Info.plist";
				PRODUCT_BUNDLE_IDENTIFIER = "org.cocoapods.demo.${PRODUCT_NAME:rfc1034identifier}";
				PRODUCT_NAME = "$(TARGET_NAME)";
				SWIFT_VERSION = 4.0;
				TEST_HOST = "$(BUILT_PRODUCTS_DIR)/ZHBaseKit_Example.app/ZHBaseKit_Example";
				WRAPPER_EXTENSION = xctest;
			};
			name = Release;
		};
/* End XCBuildConfiguration section */

/* Begin XCConfigurationList section */
		6003F585195388D10070C39A /* Build configuration list for PBXProject "ZHBaseKit" */ = {
			isa = XCConfigurationList;
			buildConfigurations = (
				6003F5BD195388D20070C39A /* Debug */,
				6003F5BE195388D20070C39A /* Release */,
			);
			defaultConfigurationIsVisible = 0;
			defaultConfigurationName = Release;
		};
		6003F5BF195388D20070C39A /* Build configuration list for PBXNativeTarget "ZHBaseKit_Example" */ = {
			isa = XCConfigurationList;
			buildConfigurations = (
				6003F5C0195388D20070C39A /* Debug */,
				6003F5C1195388D20070C39A /* Release */,
			);
			defaultConfigurationIsVisible = 0;
			defaultConfigurationName = Release;
		};
		6003F5C2195388D20070C39A /* Build configuration list for PBXNativeTarget "ZHBaseKit_Tests" */ = {
			isa = XCConfigurationList;
			buildConfigurations = (
				6003F5C3195388D20070C39A /* Debug */,
				6003F5C4195388D20070C39A /* Release */,
			);
			defaultConfigurationIsVisible = 0;
			defaultConfigurationName = Release;
		};
/* End XCConfigurationList section */
	};
	rootObject = 6003F582195388D10070C39A /* Project object */;
}
